// !$*UTF8*$!
{
	archiveVersion = 1;
	classes = {
	};
	objectVersion = 50;
	objects = {

/* Begin PBXBuildFile section */
		F001EECF23E8D17300F678B2 /* AnimationManager.swift in Sources */ = {isa = PBXBuildFile; fileRef = F001EECE23E8D17300F678B2 /* AnimationManager.swift */; };
		F001F0B023EEC88B00F678B2 /* PizzaTransitionable.swift in Sources */ = {isa = PBXBuildFile; fileRef = F001F0AF23EEC88A00F678B2 /* PizzaTransitionable.swift */; };
		F08AE23F23E235AA00434576 /* PizzaViewCell.xib in Resources */ = {isa = PBXBuildFile; fileRef = F08AE23E23E235AA00434576 /* PizzaViewCell.xib */; };
		F08AE24123E235B100434576 /* PizzaViewCell.swift in Sources */ = {isa = PBXBuildFile; fileRef = F08AE24023E235B100434576 /* PizzaViewCell.swift */; };
		F08AE24323E2392C00434576 /* PizzaViewModel.swift in Sources */ = {isa = PBXBuildFile; fileRef = F08AE24223E2392C00434576 /* PizzaViewModel.swift */; };
		F08AE24923E390F600434576 /* Pizza.swift in Sources */ = {isa = PBXBuildFile; fileRef = F08AE24823E390F600434576 /* Pizza.swift */; };
		F08AE24F23E394B800434576 /* Pizzas.json in Resources */ = {isa = PBXBuildFile; fileRef = F08AE24E23E394B800434576 /* Pizzas.json */; };
		F08AE25123E3952700434576 /* PizzaResponse.swift in Sources */ = {isa = PBXBuildFile; fileRef = F08AE25023E3952700434576 /* PizzaResponse.swift */; };
		F08AE25423E39E7D00434576 /* UIColor+Hex.swift in Sources */ = {isa = PBXBuildFile; fileRef = F08AE25323E39E7D00434576 /* UIColor+Hex.swift */; };
		F08AE26523E77CDE00434576 /* PizzaDetailViewController.swift in Sources */ = {isa = PBXBuildFile; fileRef = F08AE26423E77CDE00434576 /* PizzaDetailViewController.swift */; };
		F08AE26B23E7827A00434576 /* PizzaViewController.storyboard in Resources */ = {isa = PBXBuildFile; fileRef = F08AE26A23E7827A00434576 /* PizzaViewController.storyboard */; };
		F08AE26D23E7879300434576 /* PizzaDetailViewController.storyboard in Resources */ = {isa = PBXBuildFile; fileRef = F08AE26C23E7879300434576 /* PizzaDetailViewController.storyboard */; };
		F0B99E2023E0DE1C00BFA200 /* AppDelegate.swift in Sources */ = {isa = PBXBuildFile; fileRef = F0B99E1F23E0DE1C00BFA200 /* AppDelegate.swift */; };
		F0B99E2423E0DE1C00BFA200 /* PizzaViewController.swift in Sources */ = {isa = PBXBuildFile; fileRef = F0B99E2323E0DE1C00BFA200 /* PizzaViewController.swift */; };
		F0B99E2923E0DE1E00BFA200 /* Assets.xcassets in Resources */ = {isa = PBXBuildFile; fileRef = F0B99E2823E0DE1E00BFA200 /* Assets.xcassets */; };
		F0B99E2C23E0DE1E00BFA200 /* LaunchScreen.storyboard in Resources */ = {isa = PBXBuildFile; fileRef = F0B99E2A23E0DE1E00BFA200 /* LaunchScreen.storyboard */; };
/* End PBXBuildFile section */

/* Begin PBXFileReference section */
		F001EECE23E8D17300F678B2 /* AnimationManager.swift */ = {isa = PBXFileReference; lastKnownFileType = sourcecode.swift; path = AnimationManager.swift; sourceTree = "<group>"; };
		F001F0AF23EEC88A00F678B2 /* PizzaTransitionable.swift */ = {isa = PBXFileReference; fileEncoding = 4; lastKnownFileType = sourcecode.swift; path = PizzaTransitionable.swift; sourceTree = "<group>"; };
		F08AE23E23E235AA00434576 /* PizzaViewCell.xib */ = {isa = PBXFileReference; lastKnownFileType = file.xib; path = PizzaViewCell.xib; sourceTree = "<group>"; };
		F08AE24023E235B100434576 /* PizzaViewCell.swift */ = {isa = PBXFileReference; lastKnownFileType = sourcecode.swift; path = PizzaViewCell.swift; sourceTree = "<group>"; };
		F08AE24223E2392C00434576 /* PizzaViewModel.swift */ = {isa = PBXFileReference; lastKnownFileType = sourcecode.swift; path = PizzaViewModel.swift; sourceTree = "<group>"; };
		F08AE24823E390F600434576 /* Pizza.swift */ = {isa = PBXFileReference; lastKnownFileType = sourcecode.swift; path = Pizza.swift; sourceTree = "<group>"; };
		F08AE24E23E394B800434576 /* Pizzas.json */ = {isa = PBXFileReference; fileEncoding = 4; lastKnownFileType = text.json; path = Pizzas.json; sourceTree = "<group>"; };
		F08AE25023E3952700434576 /* PizzaResponse.swift */ = {isa = PBXFileReference; lastKnownFileType = sourcecode.swift; path = PizzaResponse.swift; sourceTree = "<group>"; };
		F08AE25323E39E7D00434576 /* UIColor+Hex.swift */ = {isa = PBXFileReference; lastKnownFileType = sourcecode.swift; path = "UIColor+Hex.swift"; sourceTree = "<group>"; };
		F08AE26423E77CDE00434576 /* PizzaDetailViewController.swift */ = {isa = PBXFileReference; lastKnownFileType = sourcecode.swift; path = PizzaDetailViewController.swift; sourceTree = "<group>"; };
		F08AE26A23E7827A00434576 /* PizzaViewController.storyboard */ = {isa = PBXFileReference; lastKnownFileType = file.storyboard; path = PizzaViewController.storyboard; sourceTree = "<group>"; };
		F08AE26C23E7879300434576 /* PizzaDetailViewController.storyboard */ = {isa = PBXFileReference; lastKnownFileType = file.storyboard; path = PizzaDetailViewController.storyboard; sourceTree = "<group>"; };
		F0B99E1C23E0DE1C00BFA200 /* TransitionPizza.app */ = {isa = PBXFileReference; explicitFileType = wrapper.application; includeInIndex = 0; path = TransitionPizza.app; sourceTree = BUILT_PRODUCTS_DIR; };
		F0B99E1F23E0DE1C00BFA200 /* AppDelegate.swift */ = {isa = PBXFileReference; lastKnownFileType = sourcecode.swift; path = AppDelegate.swift; sourceTree = "<group>"; };
		F0B99E2323E0DE1C00BFA200 /* PizzaViewController.swift */ = {isa = PBXFileReference; lastKnownFileType = sourcecode.swift; path = PizzaViewController.swift; sourceTree = "<group>"; };
		F0B99E2823E0DE1E00BFA200 /* Assets.xcassets */ = {isa = PBXFileReference; lastKnownFileType = folder.assetcatalog; path = Assets.xcassets; sourceTree = "<group>"; };
		F0B99E2B23E0DE1E00BFA200 /* Base */ = {isa = PBXFileReference; lastKnownFileType = file.storyboard; name = Base; path = Base.lproj/LaunchScreen.storyboard; sourceTree = "<group>"; };
		F0B99E2D23E0DE1E00BFA200 /* Info.plist */ = {isa = PBXFileReference; lastKnownFileType = text.plist.xml; path = Info.plist; sourceTree = "<group>"; };
/* End PBXFileReference section */

/* Begin PBXFrameworksBuildPhase section */
		F0B99E1923E0DE1C00BFA200 /* Frameworks */ = {
			isa = PBXFrameworksBuildPhase;
			buildActionMask = 2147483647;
			files = (
			);
			runOnlyForDeploymentPostprocessing = 0;
		};
/* End PBXFrameworksBuildPhase section */

/* Begin PBXGroup section */
		F001EECD23E8D15900F678B2 /* Transitions */ = {
			isa = PBXGroup;
			children = (
				F001EECE23E8D17300F678B2 /* AnimationManager.swift */,
				F001F0AF23EEC88A00F678B2 /* PizzaTransitionable.swift */,
			);
			path = Transitions;
			sourceTree = "<group>";
		};
		F08AE23D23E2359400434576 /* Cells */ = {
			isa = PBXGroup;
			children = (
				F08AE23E23E235AA00434576 /* PizzaViewCell.xib */,
				F08AE24023E235B100434576 /* PizzaViewCell.swift */,
			);
			path = Cells;
			sourceTree = "<group>";
		};
		F08AE24423E23BCD00434576 /* App */ = {
			isa = PBXGroup;
			children = (
				F0B99E1F23E0DE1C00BFA200 /* AppDelegate.swift */,
			);
			path = App;
			sourceTree = "<group>";
		};
		F08AE24523E23BE700434576 /* Resources */ = {
			isa = PBXGroup;
			children = (
				F0B99E2823E0DE1E00BFA200 /* Assets.xcassets */,
				F0B99E2A23E0DE1E00BFA200 /* LaunchScreen.storyboard */,
				F0B99E2D23E0DE1E00BFA200 /* Info.plist */,
				F08AE24E23E394B800434576 /* Pizzas.json */,
			);
			path = Resources;
			sourceTree = "<group>";
		};
		F08AE24623E390DF00434576 /* Models */ = {
			isa = PBXGroup;
			children = (
				F08AE24823E390F600434576 /* Pizza.swift */,
				F08AE25023E3952700434576 /* PizzaResponse.swift */,
			);
			path = Models;
			sourceTree = "<group>";
		};
		F08AE25223E39E6C00434576 /* Extensions */ = {
			isa = PBXGroup;
			children = (
				F08AE25323E39E7D00434576 /* UIColor+Hex.swift */,
			);
			path = Extensions;
			sourceTree = "<group>";
		};
		F08AE26123E778FD00434576 /* Main */ = {
			isa = PBXGroup;
			children = (
				F08AE23D23E2359400434576 /* Cells */,
				F08AE24223E2392C00434576 /* PizzaViewModel.swift */,
				F0B99E2323E0DE1C00BFA200 /* PizzaViewController.swift */,
				F08AE26A23E7827A00434576 /* PizzaViewController.storyboard */,
			);
			path = Main;
			sourceTree = "<group>";
		};
		F08AE26223E7790300434576 /* Detail */ = {
			isa = PBXGroup;
			children = (
				F08AE26423E77CDE00434576 /* PizzaDetailViewController.swift */,
				F08AE26C23E7879300434576 /* PizzaDetailViewController.storyboard */,
			);
			path = Detail;
			sourceTree = "<group>";
		};
		F08AE26323E7790D00434576 /* Source */ = {
			isa = PBXGroup;
			children = (
				F08AE26123E778FD00434576 /* Main */,
				F08AE26223E7790300434576 /* Detail */,
				F001EECD23E8D15900F678B2 /* Transitions */,
			);
			path = Source;
			sourceTree = "<group>";
		};
		F0B99E1323E0DE1C00BFA200 = {
			isa = PBXGroup;
			children = (
				F0B99E1E23E0DE1C00BFA200 /* TransitionPizza */,
				F0B99E1D23E0DE1C00BFA200 /* Products */,
			);
			sourceTree = "<group>";
		};
		F0B99E1D23E0DE1C00BFA200 /* Products */ = {
			isa = PBXGroup;
			children = (
				F0B99E1C23E0DE1C00BFA200 /* TransitionPizza.app */,
			);
			name = Products;
			sourceTree = "<group>";
		};
		F0B99E1E23E0DE1C00BFA200 /* TransitionPizza */ = {
			isa = PBXGroup;
			children = (
				F08AE25223E39E6C00434576 /* Extensions */,
				F08AE24423E23BCD00434576 /* App */,
				F08AE24523E23BE700434576 /* Resources */,
				F08AE24623E390DF00434576 /* Models */,
				F08AE26323E7790D00434576 /* Source */,
			);
			path = TransitionPizza;
			sourceTree = "<group>";
		};
/* End PBXGroup section */

/* Begin PBXNativeTarget section */
		F0B99E1B23E0DE1C00BFA200 /* TransitionPizza */ = {
			isa = PBXNativeTarget;
			buildConfigurationList = F0B99E3023E0DE1E00BFA200 /* Build configuration list for PBXNativeTarget "TransitionPizza" */;
			buildPhases = (
				F0B99E1823E0DE1C00BFA200 /* Sources */,
				F0B99E1923E0DE1C00BFA200 /* Frameworks */,
				F0B99E1A23E0DE1C00BFA200 /* Resources */,
			);
			buildRules = (
			);
			dependencies = (
			);
			name = TransitionPizza;
			productName = TransitionPizza;
			productReference = F0B99E1C23E0DE1C00BFA200 /* TransitionPizza.app */;
			productType = "com.apple.product-type.application";
		};
/* End PBXNativeTarget section */

/* Begin PBXProject section */
		F0B99E1423E0DE1C00BFA200 /* Project object */ = {
			isa = PBXProject;
			attributes = {
				LastSwiftUpdateCheck = 1130;
				LastUpgradeCheck = 1130;
				ORGANIZATIONNAME = "Nodes ApS";
				TargetAttributes = {
					F0B99E1B23E0DE1C00BFA200 = {
						CreatedOnToolsVersion = 11.3.1;
					};
				};
			};
			buildConfigurationList = F0B99E1723E0DE1C00BFA200 /* Build configuration list for PBXProject "TransitionPizza" */;
			compatibilityVersion = "Xcode 9.3";
			developmentRegion = en;
			hasScannedForEncodings = 0;
			knownRegions = (
				en,
				Base,
			);
			mainGroup = F0B99E1323E0DE1C00BFA200;
			productRefGroup = F0B99E1D23E0DE1C00BFA200 /* Products */;
			projectDirPath = "";
			projectRoot = "";
			targets = (
				F0B99E1B23E0DE1C00BFA200 /* TransitionPizza */,
			);
		};
/* End PBXProject section */

/* Begin PBXResourcesBuildPhase section */
		F0B99E1A23E0DE1C00BFA200 /* Resources */ = {
			isa = PBXResourcesBuildPhase;
			buildActionMask = 2147483647;
			files = (
				F0B99E2C23E0DE1E00BFA200 /* LaunchScreen.storyboard in Resources */,
				F08AE24F23E394B800434576 /* Pizzas.json in Resources */,
				F0B99E2923E0DE1E00BFA200 /* Assets.xcassets in Resources */,
				F08AE26D23E7879300434576 /* PizzaDetailViewController.storyboard in Resources */,
				F08AE23F23E235AA00434576 /* PizzaViewCell.xib in Resources */,
				F08AE26B23E7827A00434576 /* PizzaViewController.storyboard in Resources */,
			);
			runOnlyForDeploymentPostprocessing = 0;
		};
/* End PBXResourcesBuildPhase section */

/* Begin PBXSourcesBuildPhase section */
		F0B99E1823E0DE1C00BFA200 /* Sources */ = {
			isa = PBXSourcesBuildPhase;
			buildActionMask = 2147483647;
			files = (
				F0B99E2423E0DE1C00BFA200 /* PizzaViewController.swift in Sources */,
				F08AE25123E3952700434576 /* PizzaResponse.swift in Sources */,
				F08AE26523E77CDE00434576 /* PizzaDetailViewController.swift in Sources */,
				F0B99E2023E0DE1C00BFA200 /* AppDelegate.swift in Sources */,
				F001EECF23E8D17300F678B2 /* AnimationManager.swift in Sources */,
				F08AE25423E39E7D00434576 /* UIColor+Hex.swift in Sources */,
				F08AE24923E390F600434576 /* Pizza.swift in Sources */,
				F001F0B023EEC88B00F678B2 /* PizzaTransitionable.swift in Sources */,
				F08AE24323E2392C00434576 /* PizzaViewModel.swift in Sources */,
				F08AE24123E235B100434576 /* PizzaViewCell.swift in Sources */,
			);
			runOnlyForDeploymentPostprocessing = 0;
		};
/* End PBXSourcesBuildPhase section */

/* Begin PBXVariantGroup section */
		F0B99E2A23E0DE1E00BFA200 /* LaunchScreen.storyboard */ = {
			isa = PBXVariantGroup;
			children = (
				F0B99E2B23E0DE1E00BFA200 /* Base */,
			);
			name = LaunchScreen.storyboard;
			sourceTree = "<group>";
		};
/* End PBXVariantGroup section */

/* Begin XCBuildConfiguration section */
		F0B99E2E23E0DE1E00BFA200 /* Debug */ = {
			isa = XCBuildConfiguration;
			buildSettings = {
				ALWAYS_SEARCH_USER_PATHS = NO;
				CLANG_ANALYZER_NONNULL = YES;
				CLANG_ANALYZER_NUMBER_OBJECT_CONVERSION = YES_AGGRESSIVE;
				CLANG_CXX_LANGUAGE_STANDARD = "gnu++14";
				CLANG_CXX_LIBRARY = "libc++";
				CLANG_ENABLE_MODULES = YES;
				CLANG_ENABLE_OBJC_ARC = YES;
				CLANG_ENABLE_OBJC_WEAK = YES;
				CLANG_WARN_BLOCK_CAPTURE_AUTORELEASING = YES;
				CLANG_WARN_BOOL_CONVERSION = YES;
				CLANG_WARN_COMMA = YES;
				CLANG_WARN_CONSTANT_CONVERSION = YES;
				CLANG_WARN_DEPRECATED_OBJC_IMPLEMENTATIONS = YES;
				CLANG_WARN_DIRECT_OBJC_ISA_USAGE = YES_ERROR;
				CLANG_WARN_DOCUMENTATION_COMMENTS = YES;
				CLANG_WARN_EMPTY_BODY = YES;
				CLANG_WARN_ENUM_CONVERSION = YES;
				CLANG_WARN_INFINITE_RECURSION = YES;
				CLANG_WARN_INT_CONVERSION = YES;
				CLANG_WARN_NON_LITERAL_NULL_CONVERSION = YES;
				CLANG_WARN_OBJC_IMPLICIT_RETAIN_SELF = YES;
				CLANG_WARN_OBJC_LITERAL_CONVERSION = YES;
				CLANG_WARN_OBJC_ROOT_CLASS = YES_ERROR;
				CLANG_WARN_RANGE_LOOP_ANALYSIS = YES;
				CLANG_WARN_STRICT_PROTOTYPES = YES;
				CLANG_WARN_SUSPICIOUS_MOVE = YES;
				CLANG_WARN_UNGUARDED_AVAILABILITY = YES_AGGRESSIVE;
				CLANG_WARN_UNREACHABLE_CODE = YES;
				CLANG_WARN__DUPLICATE_METHOD_MATCH = YES;
				COPY_PHASE_STRIP = NO;
				DEBUG_INFORMATION_FORMAT = dwarf;
				ENABLE_STRICT_OBJC_MSGSEND = YES;
				ENABLE_TESTABILITY = YES;
				GCC_C_LANGUAGE_STANDARD = gnu11;
				GCC_DYNAMIC_NO_PIC = NO;
				GCC_NO_COMMON_BLOCKS = YES;
				GCC_OPTIMIZATION_LEVEL = 0;
				GCC_PREPROCESSOR_DEFINITIONS = (
					"DEBUG=1",
					"$(inherited)",
				);
				GCC_WARN_64_TO_32_BIT_CONVERSION = YES;
				GCC_WARN_ABOUT_RETURN_TYPE = YES_ERROR;
				GCC_WARN_UNDECLARED_SELECTOR = YES;
				GCC_WARN_UNINITIALIZED_AUTOS = YES_AGGRESSIVE;
				GCC_WARN_UNUSED_FUNCTION = YES;
				GCC_WARN_UNUSED_VARIABLE = YES;
				IPHONEOS_DEPLOYMENT_TARGET = 13.2;
				MTL_ENABLE_DEBUG_INFO = INCLUDE_SOURCE;
				MTL_FAST_MATH = YES;
				ONLY_ACTIVE_ARCH = YES;
				SDKROOT = iphoneos;
				SWIFT_ACTIVE_COMPILATION_CONDITIONS = DEBUG;
				SWIFT_OPTIMIZATION_LEVEL = "-Onone";
			};
			name = Debug;
		};
		F0B99E2F23E0DE1E00BFA200 /* Release */ = {
			isa = XCBuildConfiguration;
			buildSettings = {
				ALWAYS_SEARCH_USER_PATHS = NO;
				CLANG_ANALYZER_NONNULL = YES;
				CLANG_ANALYZER_NUMBER_OBJECT_CONVERSION = YES_AGGRESSIVE;
				CLANG_CXX_LANGUAGE_STANDARD = "gnu++14";
				CLANG_CXX_LIBRARY = "libc++";
				CLANG_ENABLE_MODULES = YES;
				CLANG_ENABLE_OBJC_ARC = YES;
				CLANG_ENABLE_OBJC_WEAK = YES;
				CLANG_WARN_BLOCK_CAPTURE_AUTORELEASING = YES;
				CLANG_WARN_BOOL_CONVERSION = YES;
				CLANG_WARN_COMMA = YES;
				CLANG_WARN_CONSTANT_CONVERSION = YES;
				CLANG_WARN_DEPRECATED_OBJC_IMPLEMENTATIONS = YES;
				CLANG_WARN_DIRECT_OBJC_ISA_USAGE = YES_ERROR;
				CLANG_WARN_DOCUMENTATION_COMMENTS = YES;
				CLANG_WARN_EMPTY_BODY = YES;
				CLANG_WARN_ENUM_CONVERSION = YES;
				CLANG_WARN_INFINITE_RECURSION = YES;
				CLANG_WARN_INT_CONVERSION = YES;
				CLANG_WARN_NON_LITERAL_NULL_CONVERSION = YES;
				CLANG_WARN_OBJC_IMPLICIT_RETAIN_SELF = YES;
				CLANG_WARN_OBJC_LITERAL_CONVERSION = YES;
				CLANG_WARN_OBJC_ROOT_CLASS = YES_ERROR;
				CLANG_WARN_RANGE_LOOP_ANALYSIS = YES;
				CLANG_WARN_STRICT_PROTOTYPES = YES;
				CLANG_WARN_SUSPICIOUS_MOVE = YES;
				CLANG_WARN_UNGUARDED_AVAILABILITY = YES_AGGRESSIVE;
				CLANG_WARN_UNREACHABLE_CODE = YES;
				CLANG_WARN__DUPLICATE_METHOD_MATCH = YES;
				COPY_PHASE_STRIP = NO;
				DEBUG_INFORMATION_FORMAT = "dwarf-with-dsym";
				ENABLE_NS_ASSERTIONS = NO;
				ENABLE_STRICT_OBJC_MSGSEND = YES;
				GCC_C_LANGUAGE_STANDARD = gnu11;
				GCC_NO_COMMON_BLOCKS = YES;
				GCC_WARN_64_TO_32_BIT_CONVERSION = YES;
				GCC_WARN_ABOUT_RETURN_TYPE = YES_ERROR;
				GCC_WARN_UNDECLARED_SELECTOR = YES;
				GCC_WARN_UNINITIALIZED_AUTOS = YES_AGGRESSIVE;
				GCC_WARN_UNUSED_FUNCTION = YES;
				GCC_WARN_UNUSED_VARIABLE = YES;
				IPHONEOS_DEPLOYMENT_TARGET = 13.2;
				MTL_ENABLE_DEBUG_INFO = NO;
				MTL_FAST_MATH = YES;
				SDKROOT = iphoneos;
				SWIFT_COMPILATION_MODE = wholemodule;
				SWIFT_OPTIMIZATION_LEVEL = "-O";
				VALIDATE_PRODUCT = YES;
			};
			name = Release;
		};
		F0B99E3123E0DE1E00BFA200 /* Debug */ = {
			isa = XCBuildConfiguration;
			buildSettings = {
				ASSETCATALOG_COMPILER_APPICON_NAME = AppIcon;
				CODE_SIGN_STYLE = Automatic;
				DEVELOPMENT_TEAM = WJ5PESBA4M;
				INFOPLIST_FILE = TransitionPizza/Resources/Info.plist;
				LD_RUNPATH_SEARCH_PATHS = (
					"$(inherited)",
					"@executable_path/Frameworks",
				);
				PRODUCT_BUNDLE_IDENTIFIER = com.tokashiki.TransitionPizza;
				PRODUCT_NAME = "$(TARGET_NAME)";
				SWIFT_VERSION = 5.0;
				TARGETED_DEVICE_FAMILY = "1,2";
			};
			name = Debug;
		};
		F0B99E3223E0DE1E00BFA200 /* Release */ = {
			isa = XCBuildConfiguration;
			buildSettings = {
				ASSETCATALOG_COMPILER_APPICON_NAME = AppIcon;
				CODE_SIGN_STYLE = Automatic;
				DEVELOPMENT_TEAM = WJ5PESBA4M;
				INFOPLIST_FILE = TransitionPizza/Resources/Info.plist;
				LD_RUNPATH_SEARCH_PATHS = (
					"$(inherited)",
					"@executable_path/Frameworks",
				);
				PRODUCT_BUNDLE_IDENTIFIER = com.tokashiki.TransitionPizza;
				PRODUCT_NAME = "$(TARGET_NAME)";
				SWIFT_VERSION = 5.0;
				TARGETED_DEVICE_FAMILY = "1,2";
			};
			name = Release;
		};
/* End XCBuildConfiguration section */

/* Begin XCConfigurationList section */
		F0B99E1723E0DE1C00BFA200 /* Build configuration list for PBXProject "TransitionPizza" */ = {
			isa = XCConfigurationList;
			buildConfigurations = (
				F0B99E2E23E0DE1E00BFA200 /* Debug */,
				F0B99E2F23E0DE1E00BFA200 /* Release */,
			);
			defaultConfigurationIsVisible = 0;
			defaultConfigurationName = Release;
		};
		F0B99E3023E0DE1E00BFA200 /* Build configuration list for PBXNativeTarget "TransitionPizza" */ = {
			isa = XCConfigurationList;
			buildConfigurations = (
				F0B99E3123E0DE1E00BFA200 /* Debug */,
				F0B99E3223E0DE1E00BFA200 /* Release */,
			);
			defaultConfigurationIsVisible = 0;
			defaultConfigurationName = Release;
		};
/* End XCConfigurationList section */
	};
	rootObject = F0B99E1423E0DE1C00BFA200 /* Project object */;
}
